Microsoft Visual Studio Solution File, Format Version 12.00
# Visual Studio Version 16
VisualStudioVersion = 16.0.29418.71
MinimumVisualStudioVersion = 10.0.40219.1
Project("{9A19103F-16F7-4668-BE54-9A1E7A4F7556}") = "DocuSign.eSign", "src\DocuSign.eSign\DocuSign.eSign.csproj", "{311056DF-354B-4ECC-856B-451A214F8AAD}"
EndProject
Project("{FAE04EC0-301F-11D3-BF4B-00C04F79EFBC}") = "DocuSign.eSign.Core", "src\DocuSign.eSign.Core\DocuSign.eSign.Core.csproj", "{4CE72E67-339B-4517-AC70-3F4EDB0818A4}"
EndProject
Global
	GlobalSection(SolutionConfigurationPlatforms) = preSolution
		Debug|Any CPU = Debug|Any CPU
		Release|Any CPU = Release|Any CPU
	EndGlobalSection
	GlobalSection(ProjectConfigurationPlatforms) = postSolution
		{311056DF-354B-4ECC-856B-451A214F8AAD}.Debug|Any CPU.ActiveCfg = Debug|Any CPU
		{311056DF-354B-4ECC-856B-451A214F8AAD}.Debug|Any CPU.Build.0 = Debug|Any CPU
		{311056DF-354B-4ECC-856B-451A214F8AAD}.Release|Any CPU.ActiveCfg = Release|Any CPU
		{311056DF-354B-4ECC-856B-451A214F8AAD}.Release|Any CPU.Build.0 = Release|Any CPU
		{4CE72E67-339B-4517-AC70-3F4EDB0818A4}.Debug|Any CPU.ActiveCfg = Debug|Any CPU
		{4CE72E67-339B-4517-AC70-3F4EDB0818A4}.Debug|Any CPU.Build.0 = Debug|Any CPU
		{4CE72E67-339B-4517-AC70-3F4EDB0818A4}.Release|Any CPU.ActiveCfg = Release|Any CPU
		{4CE72E67-339B-4517-AC70-3F4EDB0818A4}.Release|Any CPU.Build.0 = Release|Any CPU
	EndGlobalSection
	GlobalSection(SolutionProperties) = preSolution
		HideSolutionNode = FALSE
	EndGlobalSection
	GlobalSection(ExtensibilityGlobals) = postSolution
		SolutionGuid = {DB57A6EA-813A-4C18-81E7-A661520E31AE}
	EndGlobalSection
EndGlobal
